
Microsoft Visual Studio Solution File, Format Version 12.00
# Visual Studio 2017
Project("{FAE04EC0-301F-11D3-BF4B-00C04F79EFBC}") = "smpl_mecanim", "smpl_mecanim.csproj", "{F69691DC-8558-C0FE-9133-8D85C293B3AD}"
EndProject
Global
	GlobalSection(SolutionConfigurationPlatforms) = preSolution
		Debug|Any CPU = Debug|Any CPU
		Release|Any CPU = Release|Any CPU
	EndGlobalSection
	GlobalSection(ProjectConfigurationPlatforms) = postSolution
		{F69691DC-8558-C0FE-9133-8D85C293B3AD}.Debug|Any CPU.ActiveCfg = Debug|Any CPU
		{F69691DC-8558-C0FE-9133-8D85C293B3AD}.Debug|Any CPU.Build.0 = Debug|Any CPU
		{F69691DC-8558-C0FE-9133-8D85C293B3AD}.Release|Any CPU.ActiveCfg = Release|Any CPU
		{F69691DC-8558-C0FE-9133-8D85C293B3AD}.Release|Any CPU.Build.0 = Release|Any CPU
	EndGlobalSection
	GlobalSection(SolutionProperties) = preSolution
		HideSolutionNode = FALSE
	EndGlobalSection
EndGlobal
